Microsoft Visual Studio Solution File, Format Version 11.00
# Visual Studio 2008

Project("{1F1B2597-38D7-A356-50D5-91160CDAF995}") = "CSEGameProject", "Assembly-CSharp.csproj", "{63B80A42-3764-4CDE-E361-678BA3092A21}"
EndProject
Global
	GlobalSection(SolutionConfigurationPlatforms) = preSolution
		Debug|Any CPU = Debug|Any CPU
		Release|Any CPU = Release|Any CPU
	EndGlobalSection
	GlobalSection(ProjectConfigurationPlatforms) = postSolution
		{63B80A42-3764-4CDE-E361-678BA3092A21}.Debug|Any CPU.ActiveCfg = Debug|Any CPU
		{63B80A42-3764-4CDE-E361-678BA3092A21}.Debug|Any CPU.Build.0 = Debug|Any CPU
		{63B80A42-3764-4CDE-E361-678BA3092A21}.Release|Any CPU.ActiveCfg = Release|Any CPU
		{63B80A42-3764-4CDE-E361-678BA3092A21}.Release|Any CPU.Build.0 = Release|Any CPU
	EndGlobalSection
	GlobalSection(SolutionProperties) = preSolution
		HideSolutionNode = FALSE
	EndGlobalSection
	GlobalSection(MonoDevelopProperties) = preSolution
		StartupItem = Assembly-CSharp.csproj
	EndGlobalSection
EndGlobal
