
Microsoft Visual Studio Solution File, Format Version 12.00
# Visual Studio 2015
Project("{FAE04EC0-301F-11D3-BF4B-00C04F79EFBC}") = "CSEGameProject.CSharp", "CSEGameProject.CSharp.csproj", "{A636E135-253C-9C56-863E-7C06517103DB}"
EndProject
Global
	GlobalSection(SolutionConfigurationPlatforms) = preSolution
		Debug|Any CPU = Debug|Any CPU
		Release|Any CPU = Release|Any CPU
	EndGlobalSection
	GlobalSection(ProjectConfigurationPlatforms) = postSolution
		{A636E135-253C-9C56-863E-7C06517103DB}.Debug|Any CPU.ActiveCfg = Debug|Any CPU
		{A636E135-253C-9C56-863E-7C06517103DB}.Debug|Any CPU.Build.0 = Debug|Any CPU
		{A636E135-253C-9C56-863E-7C06517103DB}.Release|Any CPU.ActiveCfg = Release|Any CPU
		{A636E135-253C-9C56-863E-7C06517103DB}.Release|Any CPU.Build.0 = Release|Any CPU
	EndGlobalSection
	GlobalSection(SolutionProperties) = preSolution
		HideSolutionNode = FALSE
	EndGlobalSection
EndGlobal
